
Microsoft Visual Studio Solution File, Format Version 12.00
# Visual Studio Version 17
VisualStudioVersion = 17.3.32929.385
MinimumVisualStudioVersion = 10.0.40219.1
Project("{FAE04EC0-301F-11D3-BF4B-00C04F79EFBC}") = "RedisStudies", "RedisStudies\RedisStudies.csproj", "{49C857FD-50B6-4B41-9421-3613E9871FF0}"
EndProject
Project("{FAE04EC0-301F-11D3-BF4B-00C04F79EFBC}") = "RedisPublisher", "RedisPublisher\RedisPublisher.csproj", "{776AFAB8-3E5B-4E3D-AFFF-D0E78920807F}"
EndProject
Project("{FAE04EC0-301F-11D3-BF4B-00C04F79EFBC}") = "RedisSubscriber", "RedisSubscriber\RedisSubscriber.csproj", "{D43183D5-6D19-430D-940D-B0A45EE9A907}"
EndProject
Global
	GlobalSection(SolutionConfigurationPlatforms) = preSolution
		Debug|Any CPU = Debug|Any CPU
		Release|Any CPU = Release|Any CPU
	EndGlobalSection
	GlobalSection(ProjectConfigurationPlatforms) = postSolution
		{49C857FD-50B6-4B41-9421-3613E9871FF0}.Debug|Any CPU.ActiveCfg = Debug|Any CPU
		{49C857FD-50B6-4B41-9421-3613E9871FF0}.Debug|Any CPU.Build.0 = Debug|Any CPU
		{49C857FD-50B6-4B41-9421-3613E9871FF0}.Release|Any CPU.ActiveCfg = Release|Any CPU
		{49C857FD-50B6-4B41-9421-3613E9871FF0}.Release|Any CPU.Build.0 = Release|Any CPU
		{776AFAB8-3E5B-4E3D-AFFF-D0E78920807F}.Debug|Any CPU.ActiveCfg = Debug|Any CPU
		{776AFAB8-3E5B-4E3D-AFFF-D0E78920807F}.Debug|Any CPU.Build.0 = Debug|Any CPU
		{776AFAB8-3E5B-4E3D-AFFF-D0E78920807F}.Release|Any CPU.ActiveCfg = Release|Any CPU
		{776AFAB8-3E5B-4E3D-AFFF-D0E78920807F}.Release|Any CPU.Build.0 = Release|Any CPU
		{D43183D5-6D19-430D-940D-B0A45EE9A907}.Debug|Any CPU.ActiveCfg = Debug|Any CPU
		{D43183D5-6D19-430D-940D-B0A45EE9A907}.Debug|Any CPU.Build.0 = Debug|Any CPU
		{D43183D5-6D19-430D-940D-B0A45EE9A907}.Release|Any CPU.ActiveCfg = Release|Any CPU
		{D43183D5-6D19-430D-940D-B0A45EE9A907}.Release|Any CPU.Build.0 = Release|Any CPU
	EndGlobalSection
	GlobalSection(SolutionProperties) = preSolution
		HideSolutionNode = FALSE
	EndGlobalSection
	GlobalSection(ExtensibilityGlobals) = postSolution
		SolutionGuid = {E84A119B-092F-4298-8C6D-9EA0C139187F}
	EndGlobalSection
EndGlobal
